
Microsoft Visual Studio Solution File, Format Version 12.00
# Visual Studio Version 17
VisualStudioVersion = 17.10.35013.160
MinimumVisualStudioVersion = 10.0.40219.1
Project("{FAE04EC0-301F-11D3-BF4B-00C04F79EFBC}") = "C42-G01-C#04", "C42-G01-C#04\C42-G01-C#04.csproj", "{B293C821-DBE2-4433-B042-945D0A30F47E}"
EndProject
Global
	GlobalSection(SolutionConfigurationPlatforms) = preSolution
		Debug|Any CPU = Debug|Any CPU
		Release|Any CPU = Release|Any CPU
	EndGlobalSection
	GlobalSection(ProjectConfigurationPlatforms) = postSolution
		{B293C821-DBE2-4433-B042-945D0A30F47E}.Debug|Any CPU.ActiveCfg = Debug|Any CPU
		{B293C821-DBE2-4433-B042-945D0A30F47E}.Debug|Any CPU.Build.0 = Debug|Any CPU
		{B293C821-DBE2-4433-B042-945D0A30F47E}.Release|Any CPU.ActiveCfg = Release|Any CPU
		{B293C821-DBE2-4433-B042-945D0A30F47E}.Release|Any CPU.Build.0 = Release|Any CPU
	EndGlobalSection
	GlobalSection(SolutionProperties) = preSolution
		HideSolutionNode = FALSE
	EndGlobalSection
	GlobalSection(ExtensibilityGlobals) = postSolution
		SolutionGuid = {F17EBE45-8D6C-45B1-873A-6BCDAB4DA471}
	EndGlobalSection
EndGlobal
