
Microsoft Visual Studio Solution File, Format Version 12.00
# Visual Studio Version 17
VisualStudioVersion = 17.10.35013.160
MinimumVisualStudioVersion = 10.0.40219.1
Project("{FAE04EC0-301F-11D3-BF4B-00C04F79EFBC}") = "C42-G01-C#03", "C42-G01-C#03\C42-G01-C#03.csproj", "{D2991B4F-B893-474E-9246-FFA393EEBCDC}"
EndProject
Global
	GlobalSection(SolutionConfigurationPlatforms) = preSolution
		Debug|Any CPU = Debug|Any CPU
		Release|Any CPU = Release|Any CPU
	EndGlobalSection
	GlobalSection(ProjectConfigurationPlatforms) = postSolution
		{D2991B4F-B893-474E-9246-FFA393EEBCDC}.Debug|Any CPU.ActiveCfg = Debug|Any CPU
		{D2991B4F-B893-474E-9246-FFA393EEBCDC}.Debug|Any CPU.Build.0 = Debug|Any CPU
		{D2991B4F-B893-474E-9246-FFA393EEBCDC}.Release|Any CPU.ActiveCfg = Release|Any CPU
		{D2991B4F-B893-474E-9246-FFA393EEBCDC}.Release|Any CPU.Build.0 = Release|Any CPU
	EndGlobalSection
	GlobalSection(SolutionProperties) = preSolution
		HideSolutionNode = FALSE
	EndGlobalSection
	GlobalSection(ExtensibilityGlobals) = postSolution
		SolutionGuid = {A30CFF38-0C50-4958-8F22-5696782A4A12}
	EndGlobalSection
EndGlobal
