
Microsoft Visual Studio Solution File, Format Version 12.00
# Visual Studio Version 17
VisualStudioVersion = 17.11.35219.272
MinimumVisualStudioVersion = 10.0.40219.1
Project("{FAE04EC0-301F-11D3-BF4B-00C04F79EFBC}") = "C42-G01-EF02", "C42-G01-EF02\C42-G01-EF02.csproj", "{859A27D9-A9F5-4887-B315-FB886E5A7BE6}"
EndProject
Global
	GlobalSection(SolutionConfigurationPlatforms) = preSolution
		Debug|Any CPU = Debug|Any CPU
		Release|Any CPU = Release|Any CPU
	EndGlobalSection
	GlobalSection(ProjectConfigurationPlatforms) = postSolution
		{859A27D9-A9F5-4887-B315-FB886E5A7BE6}.Debug|Any CPU.ActiveCfg = Debug|Any CPU
		{859A27D9-A9F5-4887-B315-FB886E5A7BE6}.Debug|Any CPU.Build.0 = Debug|Any CPU
		{859A27D9-A9F5-4887-B315-FB886E5A7BE6}.Release|Any CPU.ActiveCfg = Release|Any CPU
		{859A27D9-A9F5-4887-B315-FB886E5A7BE6}.Release|Any CPU.Build.0 = Release|Any CPU
	EndGlobalSection
	GlobalSection(SolutionProperties) = preSolution
		HideSolutionNode = FALSE
	EndGlobalSection
	GlobalSection(ExtensibilityGlobals) = postSolution
		SolutionGuid = {E0D19563-191E-4648-B7BD-54C28B86EEB3}
	EndGlobalSection
EndGlobal
